{
  "name": "gallery",
  "version": "0.1.0",
  "lockfileVersion": 1,
  "requires": true,
  "dependencies": {
    "@scalescss/base-blockquotes": {
      "version": "3.1.1",
      "resolved": "https://registry.npmjs.org/@scalescss/base-blockquotes/-/base-blockquotes-3.1.1.tgz",
      "integrity": "sha512-LN3j4x6mdG5U9RguX0w7AbEh17lbDC17H8E2gv/QalhPH4ukffP4ce7mF2F2mXxQxJavWoXXJKq9eJ5SAJu5jg==",
      "dev": true
    },
    "@scalescss/base-forms": {
      "version": "3.1.1",
      "resolved": "https://registry.npmjs.org/@scalescss/base-forms/-/base-forms-3.1.1.tgz",
      "integrity": "sha512-LDsQBMER6OIPLCfPPX+vWTR2ej2B7kzuJlvVRHhh/24gwhUEZdTvCX9KRWxRZCO8iav9epS9FnhViIHyFpnCNw==",
      "dev": true
    },
    "@scalescss/base-images": {
      "version": "3.1.1",
      "resolved": "https://registry.npmjs.org/@scalescss/base-images/-/base-images-3.1.1.tgz",
      "integrity": "sha512-qKdJmVSH8YvIlrAJiBslH5q0loUh+gxCymuRW2uF5v3+eSqTzHgIS1wz3mxZvMvhZ/lCQ9jjmASx0aJSZDGTzQ==",
      "dev": true
    },
    "@scalescss/base-lists": {
      "version": "3.1.1",
      "resolved": "https://registry.npmjs.org/@scalescss/base-lists/-/base-lists-3.1.1.tgz",
      "integrity": "sha512-aHnUsqIEvc10E1M1DaLarCRyg0PjgrjhOvpZUwnpQ41DBwnbCYTwub0llGl7//kIdAmWFNJslaa/IdExxM98MQ==",
      "dev": true
    },
    "@scalescss/base-tables": {
      "version": "3.1.1",
      "resolved": "https://registry.npmjs.org/@scalescss/base-tables/-/base-tables-3.1.1.tgz",
      "integrity": "sha512-Im9j56OgrKiWwsoQiIFZR2C5/nx/mnGHedISWRprKz/1d12CDGv9Y4zoaoVNjKyvmDpmxO1lVbkp3Slfz804+w==",
      "dev": true
    },
    "@scalescss/base-typography": {
      "version": "3.2.0",
      "resolved": "https://registry.npmjs.org/@scalescss/base-typography/-/base-typography-3.2.0.tgz",
      "integrity": "sha512-YGfqjZkUR+8ZBzNX/MQLCQQuhvAtsRGqdtSb4H5qKEDf2u6uSHZwKYKHb0oUkkd0TWjcE9GinTP9/OE+62hXgQ==",
      "dev": true
    },
    "@scalescss/components-buttons": {
      "version": "3.1.1",
      "resolved": "https://registry.npmjs.org/@scalescss/components-buttons/-/components-buttons-3.1.1.tgz",
      "integrity": "sha512-+LmLHhn2oos5igyl4qexZLDw7xEJ/Dvl0Sx/FhTj9tnBoF+xP3P8PCU9rirIdyUP4AzKfVtIjyOQGDDz+dyCcg==",
      "dev": true
    },
    "@scalescss/generic-normalize": {
      "version": "3.1.1",
      "resolved": "https://registry.npmjs.org/@scalescss/generic-normalize/-/generic-normalize-3.1.1.tgz",
      "integrity": "sha512-029indUuu0O3+6Xn14LrMSX4wJZwIQTCywD/ddHmrydr2Wz8d7D+I05V88CdjdDTC2Ve1CtdpiotVomq3jk30g==",
      "dev": true
    },
    "@scalescss/generic-reset": {
      "version": "3.1.1",
      "resolved": "https://registry.npmjs.org/@scalescss/generic-reset/-/generic-reset-3.1.1.tgz",
      "integrity": "sha512-AhqkTZ4OOpQQD9ZrH0kfMA0JziFPQqK+yAEXdNNGCBe+57hXiCn2hP2opEF0qG+FG6VxnP9oF8vZyJ+S4N9jMA==",
      "dev": true
    },
    "@scalescss/objects-box": {
      "version": "3.2.0",
      "resolved": "https://registry.npmjs.org/@scalescss/objects-box/-/objects-box-3.2.0.tgz",
      "integrity": "sha512-TCndcodw85gEkTjxq1Mx6/pMTXekfDdv2Pky3s4DjabCYGSwOZqyPr6ZeUzqejWwZqV5vnCOb8Vd3paSvMk3Mw==",
      "dev": true,
      "requires": {
        "@scalescss/utilities-clearfix": "3.1.1"
      }
    },
    "@scalescss/objects-flag": {
      "version": "3.2.0",
      "resolved": "https://registry.npmjs.org/@scalescss/objects-flag/-/objects-flag-3.2.0.tgz",
      "integrity": "sha512-P3wJl9Ad65WmqRM1QQOqsBBlRSuBS1XP8yNXjGCoYWIiNDtZV83/HneAky53xsv9UJbRKlRpE9XZaqNuQPqBUg==",
      "dev": true
    },
    "@scalescss/objects-horizontal-list": {
      "version": "3.1.1",
      "resolved": "https://registry.npmjs.org/@scalescss/objects-horizontal-list/-/objects-horizontal-list-3.1.1.tgz",
      "integrity": "sha512-egHW5kStcY6g/ydFkAAnTrtHVJUas7EyJTs+moPhWbe74XS3ZZYWF9CKYLIn8yss6gtBfOZctOdV2KWlOvHr/g==",
      "dev": true
    },
    "@scalescss/objects-media-object": {
      "version": "3.1.1",
      "resolved": "https://registry.npmjs.org/@scalescss/objects-media-object/-/objects-media-object-3.1.1.tgz",
      "integrity": "sha512-QaeJiT2jTicl6pn+MGCubebvhEClLv4Ss2YEksOepB5wXWgL6TTTHHB0KL4Hbol1fbFyqzUuqtned7p/ZJnsEw==",
      "dev": true,
      "requires": {
        "@scalescss/utilities-clearfix": "3.1.1"
      }
    },
    "@scalescss/objects-multi-col-list": {
      "version": "3.1.1",
      "resolved": "https://registry.npmjs.org/@scalescss/objects-multi-col-list/-/objects-multi-col-list-3.1.1.tgz",
      "integrity": "sha512-NAVfbYAC0dE95NENTBOzjU+P6JJS7KlWKEdQIyZM8ZXQ5XcJhlRcVcvkt/Oh9UZEsMggiveAFu+S76S2hvVsPw==",
      "dev": true,
      "requires": {
        "@scalescss/utilities-clearfix": "3.1.1"
      }
    },
    "@scalescss/objects-split": {
      "version": "3.1.1",
      "resolved": "https://registry.npmjs.org/@scalescss/objects-split/-/objects-split-3.1.1.tgz",
      "integrity": "sha512-R3LFnfY8yXJ9rqyQgY/in0xZtBdtkp9ZaoHRM7+1dKYkzUY3Lp+3HYW3bHjKv5Hh96oBoI1vxj3aLEJrTUoXIQ==",
      "dev": true
    },
    "@scalescss/objects-stats": {
      "version": "3.1.1",
      "resolved": "https://registry.npmjs.org/@scalescss/objects-stats/-/objects-stats-3.1.1.tgz",
      "integrity": "sha512-piCPxSHGVcphIWkCsIZKCl79ILx70Md7Oel2LJN8Q/o4rkZs+fKPARpuH+TI/a1zN1hGz0uX+xhHsubeJyeZ8g==",
      "dev": true,
      "requires": {
        "@scalescss/utilities-clearfix": "3.1.1"
      }
    },
    "@scalescss/objects-vertical-list": {
      "version": "3.1.1",
      "resolved": "https://registry.npmjs.org/@scalescss/objects-vertical-list/-/objects-vertical-list-3.1.1.tgz",
      "integrity": "sha512-OcpfVSn9qgjBmfqg/VuVhsflz0ThGV3YQfNNs+37njLgRZpfFfqj3GZ7/+nkM7o4cwp+pb8hs4DZ63Zm+P5J+g==",
      "dev": true
    },
    "@scalescss/scalescss": {
      "version": "3.2.0",
      "resolved": "https://registry.npmjs.org/@scalescss/scalescss/-/scalescss-3.2.0.tgz",
      "integrity": "sha512-wDmsOGLqK6Vo8sGXegI7jQNEsuuAlnOxstQoNO49omMCVm8uLbQSatLJmzMKLi3c340fFo8DmSjKz3ui25WeOQ==",
      "dev": true,
      "requires": {
        "@scalescss/base-blockquotes": "3.1.1",
        "@scalescss/base-forms": "3.1.1",
        "@scalescss/base-images": "3.1.1",
        "@scalescss/base-lists": "3.1.1",
        "@scalescss/base-tables": "3.1.1",
        "@scalescss/base-typography": "3.2.0",
        "@scalescss/components-buttons": "3.1.1",
        "@scalescss/generic-normalize": "3.1.1",
        "@scalescss/generic-reset": "3.1.1",
        "@scalescss/objects-box": "3.2.0",
        "@scalescss/objects-flag": "3.2.0",
        "@scalescss/objects-horizontal-list": "3.1.1",
        "@scalescss/objects-media-object": "3.1.1",
        "@scalescss/objects-multi-col-list": "3.1.1",
        "@scalescss/objects-split": "3.1.1",
        "@scalescss/objects-stats": "3.1.1",
        "@scalescss/objects-vertical-list": "3.1.1",
        "@scalescss/utilities-clearfix": "3.1.1",
        "@scalescss/utilities-size": "3.1.1",
        "@scalescss/utilities-spacing": "3.2.0"
      }
    },
    "@scalescss/utilities-clearfix": {
      "version": "3.1.1",
      "resolved": "https://registry.npmjs.org/@scalescss/utilities-clearfix/-/utilities-clearfix-3.1.1.tgz",
      "integrity": "sha512-D0PVmXfMHY/bbqgqZtWwEOORDS+8GBdlh2fUTTADu3/L3tFLfK8XkhPog3L3RBZk2xAJUperlQ2DVntoTEPUuA==",
      "dev": true
    },
    "@scalescss/utilities-size": {
      "version": "3.1.1",
      "resolved": "https://registry.npmjs.org/@scalescss/utilities-size/-/utilities-size-3.1.1.tgz",
      "integrity": "sha512-6ZeiXs19jCAcL5R8AsWsBxwMBQxG+7v8arKHv4sdXnx4XzmCPK50mUSsiRczvZQIJ/5IOvTMbu8woFnAxzs41A==",
      "dev": true
    },
    "@scalescss/utilities-spacing": {
      "version": "3.2.0",
      "resolved": "https://registry.npmjs.org/@scalescss/utilities-spacing/-/utilities-spacing-3.2.0.tgz",
      "integrity": "sha512-Lz7x3I4qzTB/VhnorxHfqpyfQ1Y9mdJjXAdOM8ASI5jAnQf2IY53/S3VEDcvNJw13gNuHb+iGDJ2RHrLgwvfyQ==",
      "dev": true
    },
    "@sparkdesignsystem/spark-core": {
      "version": "1.0.0-alpha.3",
      "resolved": "https://registry.npmjs.org/@sparkdesignsystem/spark-core/-/spark-core-1.0.0-alpha.3.tgz",
      "integrity": "sha512-Kgaw4aIaMNsadlazpjbqPvk5hMQryB0/9QmoUMkqbBSAuTPlMRa+r+BzzaSeXiWLmoyUq3ZHQvLI0sjdSnOEAg==",
      "dev": true,
      "requires": {
        "@scalescss/scalescss": "3.2.0"
      }
    }
  }
}
